
Microsoft Visual Studio Solution File, Format Version 12.00
Project("{FAE04EC0-301F-11D3-BF4B-00C04F79EFBC}") = "Backend", "Backend/Backend.csproj", "{F7DC3FA2-395A-4324-BECF-809B3BAAD70E}"
EndProject
Global
	GlobalSection(SolutionConfigurationPlatforms) = preSolution
		Debug|Any CPU = Debug|Any CPU
		Release|Any CPU = Release|Any CPU
	EndGlobalSection
	GlobalSection(ProjectConfigurationPlatforms) = postSolution
		{F7DC3FA2-395A-4324-BECF-809B3BAAD70E}.Debug|Any CPU.ActiveCfg = Debug|Any CPU
		{F7DC3FA2-395A-4324-BECF-809B3BAAD70E}.Debug|Any CPU.Build.0 = Debug|Any CPU
		{F7DC3FA2-395A-4324-BECF-809B3BAAD70E}.Release|Any CPU.ActiveCfg = Release|Any CPU
		{F7DC3FA2-395A-4324-BECF-809B3BAAD70E}.Release|Any CPU.Build.0 = Release|Any CPU
		{81B12030-2CDD-4AF2-A8FC-D8B3AD63299B}.Debug|Any CPU.ActiveCfg = Debug|Any CPU
		{81B12030-2CDD-4AF2-A8FC-D8B3AD63299B}.Debug|Any CPU.Build.0 = Debug|Any CPU
		{81B12030-2CDD-4AF2-A8FC-D8B3AD63299B}.Release|Any CPU.ActiveCfg = Release|Any CPU
		{81B12030-2CDD-4AF2-A8FC-D8B3AD63299B}.Release|Any CPU.Build.0 = Release|Any CPU
	EndGlobalSection
EndGlobal
